// !$*UTF8*$!
{
	archiveVersion = 1;
	classes = {
	};
	objectVersion = 46;
	objects = {

/* Begin PBXBuildFile section */
		181121B71F13C06D004C9408 /* AppDelegate.swift in Sources */ = {isa = PBXBuildFile; fileRef = 181121B61F13C06D004C9408 /* AppDelegate.swift */; };
		181121B91F13C06D004C9408 /* ViewController.swift in Sources */ = {isa = PBXBuildFile; fileRef = 181121B81F13C06D004C9408 /* ViewController.swift */; };
		181121BC1F13C06D004C9408 /* Main.storyboard in Resources */ = {isa = PBXBuildFile; fileRef = 181121BA1F13C06D004C9408 /* Main.storyboard */; };
		181121BE1F13C06D004C9408 /* Assets.xcassets in Resources */ = {isa = PBXBuildFile; fileRef = 181121BD1F13C06D004C9408 /* Assets.xcassets */; };
		181121C11F13C06D004C9408 /* LaunchScreen.storyboard in Resources */ = {isa = PBXBuildFile; fileRef = 181121BF1F13C06D004C9408 /* LaunchScreen.storyboard */; };
		18B7E52F1F179C8700D5B931 /* SecondViewController.swift in Sources */ = {isa = PBXBuildFile; fileRef = 18B7E52E1F179C8700D5B931 /* SecondViewController.swift */; };
		18B7E5311F17AEBF00D5B931 /* CountryListController.swift in Sources */ = {isa = PBXBuildFile; fileRef = 18B7E5301F17AEBF00D5B931 /* CountryListController.swift */; };
		18B7E5331F17B8B700D5B931 /* AppExtension.swift in Sources */ = {isa = PBXBuildFile; fileRef = 18B7E5321F17B8B700D5B931 /* AppExtension.swift */; };
		9A6AC3AE6C5F30F41593C727 /* Pods_SampleGooglePlaceAutocomplete.framework in Frameworks */ = {isa = PBXBuildFile; fileRef = 83C955145393D6FC4180EF35 /* Pods_SampleGooglePlaceAutocomplete.framework */; };
/* End PBXBuildFile section */

/* Begin PBXFileReference section */
		181121B31F13C06D004C9408 /* SampleGooglePlaceAutocomplete.app */ = {isa = PBXFileReference; explicitFileType = wrapper.application; includeInIndex = 0; path = SampleGooglePlaceAutocomplete.app; sourceTree = BUILT_PRODUCTS_DIR; };
		181121B61F13C06D004C9408 /* AppDelegate.swift */ = {isa = PBXFileReference; lastKnownFileType = sourcecode.swift; path = AppDelegate.swift; sourceTree = "<group>"; };
		181121B81F13C06D004C9408 /* ViewController.swift */ = {isa = PBXFileReference; lastKnownFileType = sourcecode.swift; path = ViewController.swift; sourceTree = "<group>"; };
		181121BB1F13C06D004C9408 /* Base */ = {isa = PBXFileReference; lastKnownFileType = file.storyboard; name = Base; path = Base.lproj/Main.storyboard; sourceTree = "<group>"; };
		181121BD1F13C06D004C9408 /* Assets.xcassets */ = {isa = PBXFileReference; lastKnownFileType = folder.assetcatalog; path = Assets.xcassets; sourceTree = "<group>"; };
		181121C01F13C06D004C9408 /* Base */ = {isa = PBXFileReference; lastKnownFileType = file.storyboard; name = Base; path = Base.lproj/LaunchScreen.storyboard; sourceTree = "<group>"; };
		181121C21F13C06D004C9408 /* Info.plist */ = {isa = PBXFileReference; lastKnownFileType = text.plist.xml; path = Info.plist; sourceTree = "<group>"; };
		18B7E52E1F179C8700D5B931 /* SecondViewController.swift */ = {isa = PBXFileReference; fileEncoding = 4; lastKnownFileType = sourcecode.swift; path = SecondViewController.swift; sourceTree = "<group>"; };
		18B7E5301F17AEBF00D5B931 /* CountryListController.swift */ = {isa = PBXFileReference; fileEncoding = 4; lastKnownFileType = sourcecode.swift; path = CountryListController.swift; sourceTree = "<group>"; };
		18B7E5321F17B8B700D5B931 /* AppExtension.swift */ = {isa = PBXFileReference; fileEncoding = 4; lastKnownFileType = sourcecode.swift; path = AppExtension.swift; sourceTree = "<group>"; };
		477CE73F368BEEB28AB4C394 /* Pods-SampleGooglePlaceAutocomplete.release.xcconfig */ = {isa = PBXFileReference; includeInIndex = 1; lastKnownFileType = text.xcconfig; name = "Pods-SampleGooglePlaceAutocomplete.release.xcconfig"; path = "Pods/Target Support Files/Pods-SampleGooglePlaceAutocomplete/Pods-SampleGooglePlaceAutocomplete.release.xcconfig"; sourceTree = "<group>"; };
		4EACFB45988D30BD2474829D /* Pods-SampleGooglePlaceAutocomplete.debug.xcconfig */ = {isa = PBXFileReference; includeInIndex = 1; lastKnownFileType = text.xcconfig; name = "Pods-SampleGooglePlaceAutocomplete.debug.xcconfig"; path = "Pods/Target Support Files/Pods-SampleGooglePlaceAutocomplete/Pods-SampleGooglePlaceAutocomplete.debug.xcconfig"; sourceTree = "<group>"; };
		83C955145393D6FC4180EF35 /* Pods_SampleGooglePlaceAutocomplete.framework */ = {isa = PBXFileReference; explicitFileType = wrapper.framework; includeInIndex = 0; path = Pods_SampleGooglePlaceAutocomplete.framework; sourceTree = BUILT_PRODUCTS_DIR; };
/* End PBXFileReference section */

/* Begin PBXFrameworksBuildPhase section */
		181121B01F13C06D004C9408 /* Frameworks */ = {
			isa = PBXFrameworksBuildPhase;
			buildActionMask = 2147483647;
			files = (
				9A6AC3AE6C5F30F41593C727 /* Pods_SampleGooglePlaceAutocomplete.framework in Frameworks */,
			);
			runOnlyForDeploymentPostprocessing = 0;
		};
/* End PBXFrameworksBuildPhase section */

/* Begin PBXGroup section */
		181121AA1F13C06D004C9408 = {
			isa = PBXGroup;
			children = (
				181121B51F13C06D004C9408 /* SampleGooglePlaceAutocomplete */,
				181121B41F13C06D004C9408 /* Products */,
				4298C6589ECD2BF244EE6BE7 /* Pods */,
				7DB306BFF952A4F6E54FB302 /* Frameworks */,
			);
			sourceTree = "<group>";
		};
		181121B41F13C06D004C9408 /* Products */ = {
			isa = PBXGroup;
			children = (
				181121B31F13C06D004C9408 /* SampleGooglePlaceAutocomplete.app */,
			);
			name = Products;
			sourceTree = "<group>";
		};
		181121B51F13C06D004C9408 /* SampleGooglePlaceAutocomplete */ = {
			isa = PBXGroup;
			children = (
				181121B61F13C06D004C9408 /* AppDelegate.swift */,
				181121B81F13C06D004C9408 /* ViewController.swift */,
				181121BA1F13C06D004C9408 /* Main.storyboard */,
				181121BD1F13C06D004C9408 /* Assets.xcassets */,
				181121BF1F13C06D004C9408 /* LaunchScreen.storyboard */,
				181121C21F13C06D004C9408 /* Info.plist */,
				18B7E52E1F179C8700D5B931 /* SecondViewController.swift */,
				18B7E5301F17AEBF00D5B931 /* CountryListController.swift */,
				18B7E5321F17B8B700D5B931 /* AppExtension.swift */,
			);
			path = SampleGooglePlaceAutocomplete;
			sourceTree = "<group>";
		};
		4298C6589ECD2BF244EE6BE7 /* Pods */ = {
			isa = PBXGroup;
			children = (
				4EACFB45988D30BD2474829D /* Pods-SampleGooglePlaceAutocomplete.debug.xcconfig */,
				477CE73F368BEEB28AB4C394 /* Pods-SampleGooglePlaceAutocomplete.release.xcconfig */,
			);
			name = Pods;
			sourceTree = "<group>";
		};
		7DB306BFF952A4F6E54FB302 /* Frameworks */ = {
			isa = PBXGroup;
			children = (
				83C955145393D6FC4180EF35 /* Pods_SampleGooglePlaceAutocomplete.framework */,
			);
			name = Frameworks;
			sourceTree = "<group>";
		};
/* End PBXGroup section */

/* Begin PBXNativeTarget section */
		181121B21F13C06D004C9408 /* SampleGooglePlaceAutocomplete */ = {
			isa = PBXNativeTarget;
			buildConfigurationList = 181121C51F13C06D004C9408 /* Build configuration list for PBXNativeTarget "SampleGooglePlaceAutocomplete" */;
			buildPhases = (
				2FE290409F0DAFBA3A86442D /* [CP] Check Pods Manifest.lock */,
				181121AF1F13C06D004C9408 /* Sources */,
				181121B01F13C06D004C9408 /* Frameworks */,
				181121B11F13C06D004C9408 /* Resources */,
				886731E1D1341FD58C193076 /* [CP] Embed Pods Frameworks */,
				995274D80911BB3EC9C868A7 /* [CP] Copy Pods Resources */,
			);
			buildRules = (
			);
			dependencies = (
			);
			name = SampleGooglePlaceAutocomplete;
			productName = SampleGooglePlaceAutocomplete;
			productReference = 181121B31F13C06D004C9408 /* SampleGooglePlaceAutocomplete.app */;
			productType = "com.apple.product-type.application";
		};
/* End PBXNativeTarget section */

/* Begin PBXProject section */
		181121AB1F13C06D004C9408 /* Project object */ = {
			isa = PBXProject;
			attributes = {
				LastSwiftUpdateCheck = 0830;
				LastUpgradeCheck = 0830;
				ORGANIZATIONNAME = apple;
				TargetAttributes = {
					181121B21F13C06D004C9408 = {
						CreatedOnToolsVersion = 8.3.2;
						ProvisioningStyle = Automatic;
					};
				};
			};
			buildConfigurationList = 181121AE1F13C06D004C9408 /* Build configuration list for PBXProject "SampleGooglePlaceAutocomplete" */;
			compatibilityVersion = "Xcode 3.2";
			developmentRegion = English;
			hasScannedForEncodings = 0;
			knownRegions = (
				en,
				Base,
			);
			mainGroup = 181121AA1F13C06D004C9408;
			productRefGroup = 181121B41F13C06D004C9408 /* Products */;
			projectDirPath = "";
			projectRoot = "";
			targets = (
				181121B21F13C06D004C9408 /* SampleGooglePlaceAutocomplete */,
			);
		};
/* End PBXProject section */

/* Begin PBXResourcesBuildPhase section */
		181121B11F13C06D004C9408 /* Resources */ = {
			isa = PBXResourcesBuildPhase;
			buildActionMask = 2147483647;
			files = (
				181121C11F13C06D004C9408 /* LaunchScreen.storyboard in Resources */,
				181121BE1F13C06D004C9408 /* Assets.xcassets in Resources */,
				181121BC1F13C06D004C9408 /* Main.storyboard in Resources */,
			);
			runOnlyForDeploymentPostprocessing = 0;
		};
/* End PBXResourcesBuildPhase section */

/* Begin PBXShellScriptBuildPhase section */
		2FE290409F0DAFBA3A86442D /* [CP] Check Pods Manifest.lock */ = {
			isa = PBXShellScriptBuildPhase;
			buildActionMask = 2147483647;
			files = (
			);
			inputPaths = (
			);
			name = "[CP] Check Pods Manifest.lock";
			outputPaths = (
			);
			runOnlyForDeploymentPostprocessing = 0;
			shellPath = /bin/sh;
			shellScript = "diff \"${PODS_PODFILE_DIR_PATH}/Podfile.lock\" \"${PODS_ROOT}/Manifest.lock\" > /dev/null\nif [ $? != 0 ] ; then\n    # print error to STDERR\n    echo \"error: The sandbox is not in sync with the Podfile.lock. Run 'pod install' or update your CocoaPods installation.\" >&2\n    exit 1\nfi\n";
			showEnvVarsInLog = 0;
		};
		886731E1D1341FD58C193076 /* [CP] Embed Pods Frameworks */ = {
			isa = PBXShellScriptBuildPhase;
			buildActionMask = 2147483647;
			files = (
			);
			inputPaths = (
			);
			name = "[CP] Embed Pods Frameworks";
			outputPaths = (
			);
			runOnlyForDeploymentPostprocessing = 0;
			shellPath = /bin/sh;
			shellScript = "\"${SRCROOT}/Pods/Target Support Files/Pods-SampleGooglePlaceAutocomplete/Pods-SampleGooglePlaceAutocomplete-frameworks.sh\"\n";
			showEnvVarsInLog = 0;
		};
		995274D80911BB3EC9C868A7 /* [CP] Copy Pods Resources */ = {
			isa = PBXShellScriptBuildPhase;
			buildActionMask = 2147483647;
			files = (
			);
			inputPaths = (
			);
			name = "[CP] Copy Pods Resources";
			outputPaths = (
			);
			runOnlyForDeploymentPostprocessing = 0;
			shellPath = /bin/sh;
			shellScript = "\"${SRCROOT}/Pods/Target Support Files/Pods-SampleGooglePlaceAutocomplete/Pods-SampleGooglePlaceAutocomplete-resources.sh\"\n";
			showEnvVarsInLog = 0;
		};
/* End PBXShellScriptBuildPhase section */

/* Begin PBXSourcesBuildPhase section */
		181121AF1F13C06D004C9408 /* Sources */ = {
			isa = PBXSourcesBuildPhase;
			buildActionMask = 2147483647;
			files = (
				18B7E52F1F179C8700D5B931 /* SecondViewController.swift in Sources */,
				181121B91F13C06D004C9408 /* ViewController.swift in Sources */,
				18B7E5311F17AEBF00D5B931 /* CountryListController.swift in Sources */,
				18B7E5331F17B8B700D5B931 /* AppExtension.swift in Sources */,
				181121B71F13C06D004C9408 /* AppDelegate.swift in Sources */,
			);
			runOnlyForDeploymentPostprocessing = 0;
		};
/* End PBXSourcesBuildPhase section */

/* Begin PBXVariantGroup section */
		181121BA1F13C06D004C9408 /* Main.storyboard */ = {
			isa = PBXVariantGroup;
			children = (
				181121BB1F13C06D004C9408 /* Base */,
			);
			name = Main.storyboard;
			sourceTree = "<group>";
		};
		181121BF1F13C06D004C9408 /* LaunchScreen.storyboard */ = {
			isa = PBXVariantGroup;
			children = (
				181121C01F13C06D004C9408 /* Base */,
			);
			name = LaunchScreen.storyboard;
			sourceTree = "<group>";
		};
/* End PBXVariantGroup section */

/* Begin XCBuildConfiguration section */
		181121C31F13C06D004C9408 /* Debug */ = {
			isa = XCBuildConfiguration;
			buildSettings = {
				ALWAYS_SEARCH_USER_PATHS = NO;
				CLANG_ANALYZER_NONNULL = YES;
				CLANG_ANALYZER_NUMBER_OBJECT_CONVERSION = YES_AGGRESSIVE;
				CLANG_CXX_LANGUAGE_STANDARD = "gnu++0x";
				CLANG_CXX_LIBRARY = "libc++";
				CLANG_ENABLE_MODULES = YES;
				CLANG_ENABLE_OBJC_ARC = YES;
				CLANG_WARN_BOOL_CONVERSION = YES;
				CLANG_WARN_CONSTANT_CONVERSION = YES;
				CLANG_WARN_DIRECT_OBJC_ISA_USAGE = YES_ERROR;
				CLANG_WARN_DOCUMENTATION_COMMENTS = YES;
				CLANG_WARN_EMPTY_BODY = YES;
				CLANG_WARN_ENUM_CONVERSION = YES;
				CLANG_WARN_INFINITE_RECURSION = YES;
				CLANG_WARN_INT_CONVERSION = YES;
				CLANG_WARN_OBJC_ROOT_CLASS = YES_ERROR;
				CLANG_WARN_SUSPICIOUS_MOVE = YES;
				CLANG_WARN_UNREACHABLE_CODE = YES;
				CLANG_WARN__DUPLICATE_METHOD_MATCH = YES;
				"CODE_SIGN_IDENTITY[sdk=iphoneos*]" = "iPhone Developer";
				COPY_PHASE_STRIP = NO;
				DEBUG_INFORMATION_FORMAT = dwarf;
				ENABLE_STRICT_OBJC_MSGSEND = YES;
				ENABLE_TESTABILITY = YES;
				GCC_C_LANGUAGE_STANDARD = gnu99;
				GCC_DYNAMIC_NO_PIC = NO;
				GCC_NO_COMMON_BLOCKS = YES;
				GCC_OPTIMIZATION_LEVEL = 0;
				GCC_PREPROCESSOR_DEFINITIONS = (
					"DEBUG=1",
					"$(inherited)",
				);
				GCC_WARN_64_TO_32_BIT_CONVERSION = YES;
				GCC_WARN_ABOUT_RETURN_TYPE = YES_ERROR;
				GCC_WARN_UNDECLARED_SELECTOR = YES;
				GCC_WARN_UNINITIALIZED_AUTOS = YES_AGGRESSIVE;
				GCC_WARN_UNUSED_FUNCTION = YES;
				GCC_WARN_UNUSED_VARIABLE = YES;
				IPHONEOS_DEPLOYMENT_TARGET = 10.3;
				MTL_ENABLE_DEBUG_INFO = YES;
				ONLY_ACTIVE_ARCH = YES;
				SDKROOT = iphoneos;
				SWIFT_ACTIVE_COMPILATION_CONDITIONS = DEBUG;
				SWIFT_OPTIMIZATION_LEVEL = "-Onone";
			};
			name = Debug;
		};
		181121C41F13C06D004C9408 /* Release */ = {
			isa = XCBuildConfiguration;
			buildSettings = {
				ALWAYS_SEARCH_USER_PATHS = NO;
				CLANG_ANALYZER_NONNULL = YES;
				CLANG_ANALYZER_NUMBER_OBJECT_CONVERSION = YES_AGGRESSIVE;
				CLANG_CXX_LANGUAGE_STANDARD = "gnu++0x";
				CLANG_CXX_LIBRARY = "libc++";
				CLANG_ENABLE_MODULES = YES;
				CLANG_ENABLE_OBJC_ARC = YES;
				CLANG_WARN_BOOL_CONVERSION = YES;
				CLANG_WARN_CONSTANT_CONVERSION = YES;
				CLANG_WARN_DIRECT_OBJC_ISA_USAGE = YES_ERROR;
				CLANG_WARN_DOCUMENTATION_COMMENTS = YES;
				CLANG_WARN_EMPTY_BODY = YES;
				CLANG_WARN_ENUM_CONVERSION = YES;
				CLANG_WARN_INFINITE_RECURSION = YES;
				CLANG_WARN_INT_CONVERSION = YES;
				CLANG_WARN_OBJC_ROOT_CLASS = YES_ERROR;
				CLANG_WARN_SUSPICIOUS_MOVE = YES;
				CLANG_WARN_UNREACHABLE_CODE = YES;
				CLANG_WARN__DUPLICATE_METHOD_MATCH = YES;
				"CODE_SIGN_IDENTITY[sdk=iphoneos*]" = "iPhone Developer";
				COPY_PHASE_STRIP = NO;
				DEBUG_INFORMATION_FORMAT = "dwarf-with-dsym";
				ENABLE_NS_ASSERTIONS = NO;
				ENABLE_STRICT_OBJC_MSGSEND = YES;
				GCC_C_LANGUAGE_STANDARD = gnu99;
				GCC_NO_COMMON_BLOCKS = YES;
				GCC_WARN_64_TO_32_BIT_CONVERSION = YES;
				GCC_WARN_ABOUT_RETURN_TYPE = YES_ERROR;
				GCC_WARN_UNDECLARED_SELECTOR = YES;
				GCC_WARN_UNINITIALIZED_AUTOS = YES_AGGRESSIVE;
				GCC_WARN_UNUSED_FUNCTION = YES;
				GCC_WARN_UNUSED_VARIABLE = YES;
				IPHONEOS_DEPLOYMENT_TARGET = 10.3;
				MTL_ENABLE_DEBUG_INFO = NO;
				SDKROOT = iphoneos;
				SWIFT_OPTIMIZATION_LEVEL = "-Owholemodule";
				VALIDATE_PRODUCT = YES;
			};
			name = Release;
		};
		181121C61F13C06D004C9408 /* Debug */ = {
			isa = XCBuildConfiguration;
			baseConfigurationReference = 4EACFB45988D30BD2474829D /* Pods-SampleGooglePlaceAutocomplete.debug.xcconfig */;
			buildSettings = {
				ASSETCATALOG_COMPILER_APPICON_NAME = AppIcon;
				INFOPLIST_FILE = SampleGooglePlaceAutocomplete/Info.plist;
				LD_RUNPATH_SEARCH_PATHS = "$(inherited) @executable_path/Frameworks";
				PRODUCT_BUNDLE_IDENTIFIER = mkumar.SampleGooglePlaceAutocomplete;
				PRODUCT_NAME = "$(TARGET_NAME)";
				SWIFT_VERSION = 3.0;
			};
			name = Debug;
		};
		181121C71F13C06D004C9408 /* Release */ = {
			isa = XCBuildConfiguration;
			baseConfigurationReference = 477CE73F368BEEB28AB4C394 /* Pods-SampleGooglePlaceAutocomplete.release.xcconfig */;
			buildSettings = {
				ASSETCATALOG_COMPILER_APPICON_NAME = AppIcon;
				INFOPLIST_FILE = SampleGooglePlaceAutocomplete/Info.plist;
				LD_RUNPATH_SEARCH_PATHS = "$(inherited) @executable_path/Frameworks";
				PRODUCT_BUNDLE_IDENTIFIER = mkumar.SampleGooglePlaceAutocomplete;
				PRODUCT_NAME = "$(TARGET_NAME)";
				SWIFT_VERSION = 3.0;
			};
			name = Release;
		};
/* End XCBuildConfiguration section */

/* Begin XCConfigurationList section */
		181121AE1F13C06D004C9408 /* Build configuration list for PBXProject "SampleGooglePlaceAutocomplete" */ = {
			isa = XCConfigurationList;
			buildConfigurations = (
				181121C31F13C06D004C9408 /* Debug */,
				181121C41F13C06D004C9408 /* Release */,
			);
			defaultConfigurationIsVisible = 0;
			defaultConfigurationName = Release;
		};
		181121C51F13C06D004C9408 /* Build configuration list for PBXNativeTarget "SampleGooglePlaceAutocomplete" */ = {
			isa = XCConfigurationList;
			buildConfigurations = (
				181121C61F13C06D004C9408 /* Debug */,
				181121C71F13C06D004C9408 /* Release */,
			);
			defaultConfigurationIsVisible = 0;
			defaultConfigurationName = Release;
		};
/* End XCConfigurationList section */
	};
	rootObject = 181121AB1F13C06D004C9408 /* Project object */;
}
